
Microsoft Visual Studio Solution File, Format Version 12.00
# Visual Studio 15
VisualStudioVersion = 15.0.28107.0
MinimumVisualStudioVersion = 10.0.40219.1
Project("{9A19103F-16F7-4668-BE54-9A1E7A4F7556}") = "ExtraLife2018InboundETL", "ExtraLife2018InboundETL\ExtraLife2018InboundETL.csproj", "{41B572CC-791D-451F-BCEB-35F27B9CFCBF}"
EndProject
Global
	GlobalSection(SolutionConfigurationPlatforms) = preSolution
		Debug|Any CPU = Debug|Any CPU
		Release|Any CPU = Release|Any CPU
	EndGlobalSection
	GlobalSection(ProjectConfigurationPlatforms) = postSolution
		{41B572CC-791D-451F-BCEB-35F27B9CFCBF}.Debug|Any CPU.ActiveCfg = Debug|Any CPU
		{41B572CC-791D-451F-BCEB-35F27B9CFCBF}.Debug|Any CPU.Build.0 = Debug|Any CPU
		{41B572CC-791D-451F-BCEB-35F27B9CFCBF}.Release|Any CPU.ActiveCfg = Release|Any CPU
		{41B572CC-791D-451F-BCEB-35F27B9CFCBF}.Release|Any CPU.Build.0 = Release|Any CPU
	EndGlobalSection
	GlobalSection(SolutionProperties) = preSolution
		HideSolutionNode = FALSE
	EndGlobalSection
	GlobalSection(ExtensibilityGlobals) = postSolution
		SolutionGuid = {51BAB1B2-C060-4823-9EAB-CBC8405C94FD}
	EndGlobalSection
EndGlobal
